
Microsoft Visual Studio Solution File, Format Version 12.00
# Visual Studio Version 17
VisualStudioVersion = 17.9.34622.214
MinimumVisualStudioVersion = 10.0.40219.1
Project("{FAE04EC0-301F-11D3-BF4B-00C04F79EFBC}") = "Ejercicio 7", "Ejercicio 7\Ejercicio 7.csproj", "{B09F918F-8247-4783-B9B3-FB4135452812}"
EndProject
Global
	GlobalSection(SolutionConfigurationPlatforms) = preSolution
		Debug|Any CPU = Debug|Any CPU
		Release|Any CPU = Release|Any CPU
	EndGlobalSection
	GlobalSection(ProjectConfigurationPlatforms) = postSolution
		{B09F918F-8247-4783-B9B3-FB4135452812}.Debug|Any CPU.ActiveCfg = Debug|Any CPU
		{B09F918F-8247-4783-B9B3-FB4135452812}.Debug|Any CPU.Build.0 = Debug|Any CPU
		{B09F918F-8247-4783-B9B3-FB4135452812}.Release|Any CPU.ActiveCfg = Release|Any CPU
		{B09F918F-8247-4783-B9B3-FB4135452812}.Release|Any CPU.Build.0 = Release|Any CPU
	EndGlobalSection
	GlobalSection(SolutionProperties) = preSolution
		HideSolutionNode = FALSE
	EndGlobalSection
	GlobalSection(ExtensibilityGlobals) = postSolution
		SolutionGuid = {D964D0D5-B29D-44EB-9436-573F0C3104F0}
	EndGlobalSection
EndGlobal
